
Microsoft Visual Studio Solution File, Format Version 12.00
# Visual Studio 15
VisualStudioVersion = 15.0.28307.572
MinimumVisualStudioVersion = 10.0.40219.1
Project("{8BC9CEB8-8B4A-11D0-8D11-00A0C91BC942}") = "File_Copy", "File_Copy\File_Copy.vcxproj", "{ADCE15BC-D39C-4B74-9F2D-D036761CF917}"
EndProject
Global
	GlobalSection(SolutionConfigurationPlatforms) = preSolution
		Debug|x64 = Debug|x64
		Debug|x86 = Debug|x86
		Release|x64 = Release|x64
		Release|x86 = Release|x86
	EndGlobalSection
	GlobalSection(ProjectConfigurationPlatforms) = postSolution
		{ADCE15BC-D39C-4B74-9F2D-D036761CF917}.Debug|x64.ActiveCfg = Debug|x64
		{ADCE15BC-D39C-4B74-9F2D-D036761CF917}.Debug|x64.Build.0 = Debug|x64
		{ADCE15BC-D39C-4B74-9F2D-D036761CF917}.Debug|x86.ActiveCfg = Debug|Win32
		{ADCE15BC-D39C-4B74-9F2D-D036761CF917}.Debug|x86.Build.0 = Debug|Win32
		{ADCE15BC-D39C-4B74-9F2D-D036761CF917}.Release|x64.ActiveCfg = Release|x64
		{ADCE15BC-D39C-4B74-9F2D-D036761CF917}.Release|x64.Build.0 = Release|x64
		{ADCE15BC-D39C-4B74-9F2D-D036761CF917}.Release|x86.ActiveCfg = Release|Win32
		{ADCE15BC-D39C-4B74-9F2D-D036761CF917}.Release|x86.Build.0 = Release|Win32
	EndGlobalSection
	GlobalSection(SolutionProperties) = preSolution
		HideSolutionNode = FALSE
	EndGlobalSection
	GlobalSection(ExtensibilityGlobals) = postSolution
		SolutionGuid = {45A47576-0A29-4240-A44C-045CA726F2B7}
	EndGlobalSection
EndGlobal
