<?xml version="1.0" encoding="utf-8"?>
<Project ToolsVersion="4.0" xmlns="http://schemas.microsoft.com/developer/msbuild/2003">
  <ItemGroup>
    <Filter Include="소스 파일">
      <UniqueIdentifier>{4FC737F1-C7A5-4376-A066-2A32D752A2FF}</UniqueIdentifier>
      <Extensions>cpp;c;cc;cxx;def;odl;idl;hpj;bat;asm;asmx</Extensions>
    </Filter>
    <Filter Include="헤더 파일">
      <UniqueIdentifier>{93995380-89BD-4b04-88EB-625FBE52EBFB}</UniqueIdentifier>
      <Extensions>h;hh;hpp;hxx;hm;inl;inc;ipp;xsd</Extensions>
    </Filter>
    <Filter Include="리소스 파일">
      <UniqueIdentifier>{67DA6AB6-F800-4c08-8B7A-83BB121AAD01}</UniqueIdentifier>
      <Extensions>rc;ico;cur;bmp;dlg;rc2;rct;bin;rgs;gif;jpg;jpeg;jpe;resx;tiff;tif;png;wav;mfcribbon-ms</Extensions>
    </Filter>
    <Filter Include="소스 파일\Scene">
      <UniqueIdentifier>{360d6061-070e-412f-b827-7605df3a8041}</UniqueIdentifier>
    </Filter>
    <Filter Include="소스 파일\Object">
      <UniqueIdentifier>{1d373ff9-eaee-4af8-8b4f-c1925f71425f}</UniqueIdentifier>
    </Filter>
    <Filter Include="소스 파일\Manager">
      <UniqueIdentifier>{bee1bcf1-b0dc-4af5-a4d8-bc86744b7542}</UniqueIdentifier>
    </Filter>
    <Filter Include="헤더 파일\Object">
      <UniqueIdentifier>{0492be28-d6ac-49ce-b156-ce99ad5fe88a}</UniqueIdentifier>
    </Filter>
    <Filter Include="헤더 파일\Manager">
      <UniqueIdentifier>{69d4b7d0-8c7b-448d-85f9-0968920a70f0}</UniqueIdentifier>
    </Filter>
    <Filter Include="헤더 파일\Scene">
      <UniqueIdentifier>{fa7fa71b-91b6-4020-bb1a-72445f742141}</UniqueIdentifier>
    </Filter>
    <Filter Include="헤더 파일\ETC">
      <UniqueIdentifier>{5b220946-a1e5-4aff-8122-dc2808820fa3}</UniqueIdentifier>
    </Filter>
    <Filter Include="소스 파일\Function">
      <UniqueIdentifier>{be3d8236-c090-4278-9233-57dd4075e28e}</UniqueIdentifier>
    </Filter>
    <Filter Include="헤더 파일\Function">
      <UniqueIdentifier>{a6cea61d-14c9-4380-9eb4-548b09b23d57}</UniqueIdentifier>
    </Filter>
  </ItemGroup>
  <ItemGroup>
    <ClInclude Include="GameLoop.h">
      <Filter>헤더 파일</Filter>
    </ClInclude>
    <ClInclude Include="Box.h">
      <Filter>헤더 파일\Object</Filter>
    </ClInclude>
    <ClInclude Include="FPS.h">
      <Filter>헤더 파일\Manager</Filter>
    </ClInclude>
    <ClInclude Include="Image.h">
      <Filter>헤더 파일\Object</Filter>
    </ClInclude>
    <ClInclude Include="KeyManager.h">
      <Filter>헤더 파일\Manager</Filter>
    </ClInclude>
    <ClInclude Include="Player.h">
      <Filter>헤더 파일\Object</Filter>
    </ClInclude>
    <ClInclude Include="Stage1Scene.h">
      <Filter>헤더 파일\Scene</Filter>
    </ClInclude>
    <ClInclude Include="Stage2Scene.h">
      <Filter>헤더 파일\Scene</Filter>
    </ClInclude>
    <ClInclude Include="TileMap.h">
      <Filter>헤더 파일\Object</Filter>
    </ClInclude>
    <ClInclude Include="TitleScene.h">
      <Filter>헤더 파일\Scene</Filter>
    </ClInclude>
    <ClInclude Include="Resource.h">
      <Filter>헤더 파일\ETC</Filter>
    </ClInclude>
    <ClInclude Include="targetver.h">
      <Filter>헤더 파일\ETC</Filter>
    </ClInclude>
    <ClInclude Include="main.h">
      <Filter>헤더 파일\ETC</Filter>
    </ClInclude>
    <ClInclude Include="stdafx.h">
      <Filter>헤더 파일\Manager</Filter>
    </ClInclude>
    <ClInclude Include="Tile.h">
      <Filter>헤더 파일\Object</Filter>
    </ClInclude>
    <ClInclude Include="FuncCollection.h">
      <Filter>헤더 파일\Function</Filter>
    </ClInclude>
    <ClInclude Include="Sound.h">
      <Filter>헤더 파일\ETC</Filter>
    </ClInclude>
  </ItemGroup>
  <ItemGroup>
    <ClCompile Include="main.c">
      <Filter>소스 파일</Filter>
    </ClCompile>
    <ClCompile Include="GameLoop.c">
      <Filter>소스 파일</Filter>
    </ClCompile>
    <ClCompile Include="Stage1Scene.c">
      <Filter>소스 파일\Scene</Filter>
    </ClCompile>
    <ClCompile Include="Stage2Scene.c">
      <Filter>소스 파일\Scene</Filter>
    </ClCompile>
    <ClCompile Include="TitleScene.c">
      <Filter>소스 파일\Scene</Filter>
    </ClCompile>
    <ClCompile Include="Box.c">
      <Filter>소스 파일\Object</Filter>
    </ClCompile>
    <ClCompile Include="Image.c">
      <Filter>소스 파일\Object</Filter>
    </ClCompile>
    <ClCompile Include="Player.c">
      <Filter>소스 파일\Object</Filter>
    </ClCompile>
    <ClCompile Include="TileMap.c">
      <Filter>소스 파일\Object</Filter>
    </ClCompile>
    <ClCompile Include="FPS.c">
      <Filter>소스 파일\Manager</Filter>
    </ClCompile>
    <ClCompile Include="KeyManager.c">
      <Filter>소스 파일\Manager</Filter>
    </ClCompile>
    <ClCompile Include="stdafx.c">
      <Filter>헤더 파일\ETC</Filter>
    </ClCompile>
    <ClCompile Include="Tile.c">
      <Filter>소스 파일\Object</Filter>
    </ClCompile>
    <ClCompile Include="FuncCollection.c">
      <Filter>소스 파일\Function</Filter>
    </ClCompile>
    <ClCompile Include="Sound.c">
      <Filter>소스 파일</Filter>
    </ClCompile>
  </ItemGroup>
  <ItemGroup>
    <ResourceCompile Include="Assemble_GameProject.rc">
      <Filter>리소스 파일</Filter>
    </ResourceCompile>
  </ItemGroup>
  <ItemGroup>
    <Image Include="small.ico">
      <Filter>리소스 파일</Filter>
    </Image>
    <Image Include="Assemble_GameProject.ico">
      <Filter>리소스 파일</Filter>
    </Image>
  </ItemGroup>
</Project>